// !$*UTF8*$!
{
	archiveVersion = 1;
	classes = {
	};
	objectVersion = 46;
	objects = {

/* Begin PBXBuildFile section */
		5662E1441D3E6B7B0032FA82 /* main.m in Sources */ = {isa = PBXBuildFile; fileRef = 5662E1431D3E6B7A0032FA82 /* main.m */; };
		5662E1471D3E6B7B0032FA82 /* AppDelegate.m in Sources */ = {isa = PBXBuildFile; fileRef = 5662E1461D3E6B7B0032FA82 /* AppDelegate.m */; };
		5662E14A1D3E6B7B0032FA82 /* ViewController.m in Sources */ = {isa = PBXBuildFile; fileRef = 5662E1491D3E6B7B0032FA82 /* ViewController.m */; };
		5662E14D1D3E6B7B0032FA82 /* Main.storyboard in Resources */ = {isa = PBXBuildFile; fileRef = 5662E14B1D3E6B7B0032FA82 /* Main.storyboard */; };
		5662E14F1D3E6B7B0032FA82 /* Assets.xcassets in Resources */ = {isa = PBXBuildFile; fileRef = 5662E14E1D3E6B7B0032FA82 /* Assets.xcassets */; };
		5662E1521D3E6B7B0032FA82 /* LaunchScreen.storyboard in Resources */ = {isa = PBXBuildFile; fileRef = 5662E1501D3E6B7B0032FA82 /* LaunchScreen.storyboard */; };
		5662E15D1D3E6B7B0032FA82 /* TableViewIndexDemoTests.m in Sources */ = {isa = PBXBuildFile; fileRef = 5662E15C1D3E6B7B0032FA82 /* TableViewIndexDemoTests.m */; };
		5662E1681D3E6B7B0032FA82 /* TableViewIndexDemoUITests.m in Sources */ = {isa = PBXBuildFile; fileRef = 5662E1671D3E6B7B0032FA82 /* TableViewIndexDemoUITests.m */; };
		5662E1761D3E78B00032FA82 /* team_dictionary.plist in Resources */ = {isa = PBXBuildFile; fileRef = 5662E1751D3E78B00032FA82 /* team_dictionary.plist */; };
		568C4BE51D3F0FEC0084A950 /* CityModel.m in Sources */ = {isa = PBXBuildFile; fileRef = 568C4BE41D3F0FEC0084A950 /* CityModel.m */; };
		568C4BED1D3F61E40084A950 /* ConcernCell.m in Sources */ = {isa = PBXBuildFile; fileRef = 568C4BEC1D3F61E40084A950 /* ConcernCell.m */; };
		568C4BF01D3F61F70084A950 /* HotCell.m in Sources */ = {isa = PBXBuildFile; fileRef = 568C4BEF1D3F61F70084A950 /* HotCell.m */; };
		568C4C0C1D3F638A0084A950 /* Info.plist in Resources */ = {isa = PBXBuildFile; fileRef = 568C4BF21D3F638A0084A950 /* Info.plist */; };
		568C4C0D1D3F638A0084A950 /* MASCompositeConstraint.m in Sources */ = {isa = PBXBuildFile; fileRef = 568C4BF41D3F638A0084A950 /* MASCompositeConstraint.m */; };
		568C4C0E1D3F638A0084A950 /* MASConstraint.m in Sources */ = {isa = PBXBuildFile; fileRef = 568C4BF71D3F638A0084A950 /* MASConstraint.m */; };
		568C4C0F1D3F638A0084A950 /* MASConstraintMaker.m in Sources */ = {isa = PBXBuildFile; fileRef = 568C4BF91D3F638A0084A950 /* MASConstraintMaker.m */; };
		568C4C101D3F638A0084A950 /* MASLayoutConstraint.m in Sources */ = {isa = PBXBuildFile; fileRef = 568C4BFB1D3F638A0084A950 /* MASLayoutConstraint.m */; };
		568C4C111D3F638A0084A950 /* MASViewAttribute.m in Sources */ = {isa = PBXBuildFile; fileRef = 568C4BFF1D3F638A0084A950 /* MASViewAttribute.m */; };
		568C4C121D3F638A0084A950 /* MASViewConstraint.m in Sources */ = {isa = PBXBuildFile; fileRef = 568C4C011D3F638A0084A950 /* MASViewConstraint.m */; };
		568C4C131D3F638A0084A950 /* NSArray+MASAdditions.m in Sources */ = {isa = PBXBuildFile; fileRef = 568C4C031D3F638A0084A950 /* NSArray+MASAdditions.m */; };
		568C4C141D3F638A0084A950 /* NSLayoutConstraint+MASDebugAdditions.m in Sources */ = {isa = PBXBuildFile; fileRef = 568C4C061D3F638A0084A950 /* NSLayoutConstraint+MASDebugAdditions.m */; };
		568C4C151D3F638A0084A950 /* View+MASAdditions.m in Sources */ = {isa = PBXBuildFile; fileRef = 568C4C081D3F638A0084A950 /* View+MASAdditions.m */; };
		568C4C161D3F638A0084A950 /* ViewController+MASAdditions.m in Sources */ = {isa = PBXBuildFile; fileRef = 568C4C0B1D3F638A0084A950 /* ViewController+MASAdditions.m */; };
		56D78E071D3FC72200A2F545 /* CityCollectionCell.m in Sources */ = {isa = PBXBuildFile; fileRef = 56D78E061D3FC72200A2F545 /* CityCollectionCell.m */; };
/* End PBXBuildFile section */

/* Begin PBXContainerItemProxy section */
		5662E1591D3E6B7B0032FA82 /* PBXContainerItemProxy */ = {
			isa = PBXContainerItemProxy;
			containerPortal = 5662E1371D3E6B7A0032FA82 /* Project object */;
			proxyType = 1;
			remoteGlobalIDString = 5662E13E1D3E6B7A0032FA82;
			remoteInfo = TableViewIndexDemo;
		};
		5662E1641D3E6B7B0032FA82 /* PBXContainerItemProxy */ = {
			isa = PBXContainerItemProxy;
			containerPortal = 5662E1371D3E6B7A0032FA82 /* Project object */;
			proxyType = 1;
			remoteGlobalIDString = 5662E13E1D3E6B7A0032FA82;
			remoteInfo = TableViewIndexDemo;
		};
/* End PBXContainerItemProxy section */

/* Begin PBXFileReference section */
		562530561D4072D8002D6FFF /* PrefixHeader.pch */ = {isa = PBXFileReference; lastKnownFileType = sourcecode.c.h; path = PrefixHeader.pch; sourceTree = "<group>"; };
		5662E13F1D3E6B7A0032FA82 /* TableViewIndexDemo.app */ = {isa = PBXFileReference; explicitFileType = wrapper.application; includeInIndex = 0; path = TableViewIndexDemo.app; sourceTree = BUILT_PRODUCTS_DIR; };
		5662E1431D3E6B7A0032FA82 /* main.m */ = {isa = PBXFileReference; lastKnownFileType = sourcecode.c.objc; path = main.m; sourceTree = "<group>"; };
		5662E1451D3E6B7B0032FA82 /* AppDelegate.h */ = {isa = PBXFileReference; lastKnownFileType = sourcecode.c.h; path = AppDelegate.h; sourceTree = "<group>"; };
		5662E1461D3E6B7B0032FA82 /* AppDelegate.m */ = {isa = PBXFileReference; lastKnownFileType = sourcecode.c.objc; path = AppDelegate.m; sourceTree = "<group>"; };
		5662E1481D3E6B7B0032FA82 /* ViewController.h */ = {isa = PBXFileReference; lastKnownFileType = sourcecode.c.h; path = ViewController.h; sourceTree = "<group>"; };
		5662E1491D3E6B7B0032FA82 /* ViewController.m */ = {isa = PBXFileReference; lastKnownFileType = sourcecode.c.objc; path = ViewController.m; sourceTree = "<group>"; };
		5662E14C1D3E6B7B0032FA82 /* Base */ = {isa = PBXFileReference; lastKnownFileType = file.storyboard; name = Base; path = Base.lproj/Main.storyboard; sourceTree = "<group>"; };
		5662E14E1D3E6B7B0032FA82 /* Assets.xcassets */ = {isa = PBXFileReference; lastKnownFileType = folder.assetcatalog; path = Assets.xcassets; sourceTree = "<group>"; };
		5662E1511D3E6B7B0032FA82 /* Base */ = {isa = PBXFileReference; lastKnownFileType = file.storyboard; name = Base; path = Base.lproj/LaunchScreen.storyboard; sourceTree = "<group>"; };
		5662E1531D3E6B7B0032FA82 /* Info.plist */ = {isa = PBXFileReference; lastKnownFileType = text.plist.xml; path = Info.plist; sourceTree = "<group>"; };
		5662E1581D3E6B7B0032FA82 /* TableViewIndexDemoTests.xctest */ = {isa = PBXFileReference; explicitFileType = wrapper.cfbundle; includeInIndex = 0; path = TableViewIndexDemoTests.xctest; sourceTree = BUILT_PRODUCTS_DIR; };
		5662E15C1D3E6B7B0032FA82 /* TableViewIndexDemoTests.m */ = {isa = PBXFileReference; lastKnownFileType = sourcecode.c.objc; path = TableViewIndexDemoTests.m; sourceTree = "<group>"; };
		5662E15E1D3E6B7B0032FA82 /* Info.plist */ = {isa = PBXFileReference; lastKnownFileType = text.plist.xml; path = Info.plist; sourceTree = "<group>"; };
		5662E1631D3E6B7B0032FA82 /* TableViewIndexDemoUITests.xctest */ = {isa = PBXFileReference; explicitFileType = wrapper.cfbundle; includeInIndex = 0; path = TableViewIndexDemoUITests.xctest; sourceTree = BUILT_PRODUCTS_DIR; };
		5662E1671D3E6B7B0032FA82 /* TableViewIndexDemoUITests.m */ = {isa = PBXFileReference; lastKnownFileType = sourcecode.c.objc; path = TableViewIndexDemoUITests.m; sourceTree = "<group>"; };
		5662E1691D3E6B7B0032FA82 /* Info.plist */ = {isa = PBXFileReference; lastKnownFileType = text.plist.xml; path = Info.plist; sourceTree = "<group>"; };
		5662E1751D3E78B00032FA82 /* team_dictionary.plist */ = {isa = PBXFileReference; fileEncoding = 4; lastKnownFileType = text.plist.xml; path = team_dictionary.plist; sourceTree = "<group>"; };
		568C4BE31D3F0FEC0084A950 /* CityModel.h */ = {isa = PBXFileReference; fileEncoding = 4; lastKnownFileType = sourcecode.c.h; path = CityModel.h; sourceTree = "<group>"; };
		568C4BE41D3F0FEC0084A950 /* CityModel.m */ = {isa = PBXFileReference; fileEncoding = 4; lastKnownFileType = sourcecode.c.objc; path = CityModel.m; sourceTree = "<group>"; };
		568C4BEB1D3F61E40084A950 /* ConcernCell.h */ = {isa = PBXFileReference; fileEncoding = 4; lastKnownFileType = sourcecode.c.h; path = ConcernCell.h; sourceTree = "<group>"; };
		568C4BEC1D3F61E40084A950 /* ConcernCell.m */ = {isa = PBXFileReference; fileEncoding = 4; lastKnownFileType = sourcecode.c.objc; path = ConcernCell.m; sourceTree = "<group>"; };
		568C4BEE1D3F61F70084A950 /* HotCell.h */ = {isa = PBXFileReference; fileEncoding = 4; lastKnownFileType = sourcecode.c.h; path = HotCell.h; sourceTree = "<group>"; };
		568C4BEF1D3F61F70084A950 /* HotCell.m */ = {isa = PBXFileReference; fileEncoding = 4; lastKnownFileType = sourcecode.c.objc; path = HotCell.m; sourceTree = "<group>"; };
		568C4BF21D3F638A0084A950 /* Info.plist */ = {isa = PBXFileReference; fileEncoding = 4; lastKnownFileType = text.plist.xml; path = Info.plist; sourceTree = "<group>"; };
		568C4BF31D3F638A0084A950 /* MASCompositeConstraint.h */ = {isa = PBXFileReference; fileEncoding = 4; lastKnownFileType = sourcecode.c.h; path = MASCompositeConstraint.h; sourceTree = "<group>"; };
		568C4BF41D3F638A0084A950 /* MASCompositeConstraint.m */ = {isa = PBXFileReference; fileEncoding = 4; lastKnownFileType = sourcecode.c.objc; path = MASCompositeConstraint.m; sourceTree = "<group>"; };
		568C4BF51D3F638A0084A950 /* MASConstraint+Private.h */ = {isa = PBXFileReference; fileEncoding = 4; lastKnownFileType = sourcecode.c.h; path = "MASConstraint+Private.h"; sourceTree = "<group>"; };
		568C4BF61D3F638A0084A950 /* MASConstraint.h */ = {isa = PBXFileReference; fileEncoding = 4; lastKnownFileType = sourcecode.c.h; path = MASConstraint.h; sourceTree = "<group>"; };
		568C4BF71D3F638A0084A950 /* MASConstraint.m */ = {isa = PBXFileReference; fileEncoding = 4; lastKnownFileType = sourcecode.c.objc; path = MASConstraint.m; sourceTree = "<group>"; };
		568C4BF81D3F638A0084A950 /* MASConstraintMaker.h */ = {isa = PBXFileReference; fileEncoding = 4; lastKnownFileType = sourcecode.c.h; path = MASConstraintMaker.h; sourceTree = "<group>"; };
		568C4BF91D3F638A0084A950 /* MASConstraintMaker.m */ = {isa = PBXFileReference; fileEncoding = 4; lastKnownFileType = sourcecode.c.objc; path = MASConstraintMaker.m; sourceTree = "<group>"; };
		568C4BFA1D3F638A0084A950 /* MASLayoutConstraint.h */ = {isa = PBXFileReference; fileEncoding = 4; lastKnownFileType = sourcecode.c.h; path = MASLayoutConstraint.h; sourceTree = "<group>"; };
		568C4BFB1D3F638A0084A950 /* MASLayoutConstraint.m */ = {isa = PBXFileReference; fileEncoding = 4; lastKnownFileType = sourcecode.c.objc; path = MASLayoutConstraint.m; sourceTree = "<group>"; };
		568C4BFC1D3F638A0084A950 /* Masonry.h */ = {isa = PBXFileReference; fileEncoding = 4; lastKnownFileType = sourcecode.c.h; path = Masonry.h; sourceTree = "<group>"; };
		568C4BFD1D3F638A0084A950 /* MASUtilities.h */ = {isa = PBXFileReference; fileEncoding = 4; lastKnownFileType = sourcecode.c.h; path = MASUtilities.h; sourceTree = "<group>"; };
		568C4BFE1D3F638A0084A950 /* MASViewAttribute.h */ = {isa = PBXFileReference; fileEncoding = 4; lastKnownFileType = sourcecode.c.h; path = MASViewAttribute.h; sourceTree = "<group>"; };
		568C4BFF1D3F638A0084A950 /* MASViewAttribute.m */ = {isa = PBXFileReference; fileEncoding = 4; lastKnownFileType = sourcecode.c.objc; path = MASViewAttribute.m; sourceTree = "<group>"; };
		568C4C001D3F638A0084A950 /* MASViewConstraint.h */ = {isa = PBXFileReference; fileEncoding = 4; lastKnownFileType = sourcecode.c.h; path = MASViewConstraint.h; sourceTree = "<group>"; };
		568C4C011D3F638A0084A950 /* MASViewConstraint.m */ = {isa = PBXFileReference; fileEncoding = 4; lastKnownFileType = sourcecode.c.objc; path = MASViewConstraint.m; sourceTree = "<group>"; };
		568C4C021D3F638A0084A950 /* NSArray+MASAdditions.h */ = {isa = PBXFileReference; fileEncoding = 4; lastKnownFileType = sourcecode.c.h; path = "NSArray+MASAdditions.h"; sourceTree = "<group>"; };
		568C4C031D3F638A0084A950 /* NSArray+MASAdditions.m */ = {isa = PBXFileReference; fileEncoding = 4; lastKnownFileType = sourcecode.c.objc; path = "NSArray+MASAdditions.m"; sourceTree = "<group>"; };
		568C4C041D3F638A0084A950 /* NSArray+MASShorthandAdditions.h */ = {isa = PBXFileReference; fileEncoding = 4; lastKnownFileType = sourcecode.c.h; path = "NSArray+MASShorthandAdditions.h"; sourceTree = "<group>"; };
		568C4C051D3F638A0084A950 /* NSLayoutConstraint+MASDebugAdditions.h */ = {isa = PBXFileReference; fileEncoding = 4; lastKnownFileType = sourcecode.c.h; path = "NSLayoutConstraint+MASDebugAdditions.h"; sourceTree = "<group>"; };
		568C4C061D3F638A0084A950 /* NSLayoutConstraint+MASDebugAdditions.m */ = {isa = PBXFileReference; fileEncoding = 4; lastKnownFileType = sourcecode.c.objc; path = "NSLayoutConstraint+MASDebugAdditions.m"; sourceTree = "<group>"; };
		568C4C071D3F638A0084A950 /* View+MASAdditions.h */ = {isa = PBXFileReference; fileEncoding = 4; lastKnownFileType = sourcecode.c.h; path = "View+MASAdditions.h"; sourceTree = "<group>"; };
		568C4C081D3F638A0084A950 /* View+MASAdditions.m */ = {isa = PBXFileReference; fileEncoding = 4; lastKnownFileType = sourcecode.c.objc; path = "View+MASAdditions.m"; sourceTree = "<group>"; };
		568C4C091D3F638A0084A950 /* View+MASShorthandAdditions.h */ = {isa = PBXFileReference; fileEncoding = 4; lastKnownFileType = sourcecode.c.h; path = "View+MASShorthandAdditions.h"; sourceTree = "<group>"; };
		568C4C0A1D3F638A0084A950 /* ViewController+MASAdditions.h */ = {isa = PBXFileReference; fileEncoding = 4; lastKnownFileType = sourcecode.c.h; path = "ViewController+MASAdditions.h"; sourceTree = "<group>"; };
		568C4C0B1D3F638A0084A950 /* ViewController+MASAdditions.m */ = {isa = PBXFileReference; fileEncoding = 4; lastKnownFileType = sourcecode.c.objc; path = "ViewController+MASAdditions.m"; sourceTree = "<group>"; };
		56D78E051D3FC72200A2F545 /* CityCollectionCell.h */ = {isa = PBXFileReference; fileEncoding = 4; lastKnownFileType = sourcecode.c.h; path = CityCollectionCell.h; sourceTree = "<group>"; };
		56D78E061D3FC72200A2F545 /* CityCollectionCell.m */ = {isa = PBXFileReference; fileEncoding = 4; lastKnownFileType = sourcecode.c.objc; path = CityCollectionCell.m; sourceTree = "<group>"; };
/* End PBXFileReference section */

/* Begin PBXFrameworksBuildPhase section */
		5662E13C1D3E6B7A0032FA82 /* Frameworks */ = {
			isa = PBXFrameworksBuildPhase;
			buildActionMask = 2147483647;
			files = (
			);
			runOnlyForDeploymentPostprocessing = 0;
		};
		5662E1551D3E6B7B0032FA82 /* Frameworks */ = {
			isa = PBXFrameworksBuildPhase;
			buildActionMask = 2147483647;
			files = (
			);
			runOnlyForDeploymentPostprocessing = 0;
		};
		5662E1601D3E6B7B0032FA82 /* Frameworks */ = {
			isa = PBXFrameworksBuildPhase;
			buildActionMask = 2147483647;
			files = (
			);
			runOnlyForDeploymentPostprocessing = 0;
		};
/* End PBXFrameworksBuildPhase section */

/* Begin PBXGroup section */
		5662E1361D3E6B7A0032FA82 = {
			isa = PBXGroup;
			children = (
				5662E1411D3E6B7A0032FA82 /* TableViewIndexDemo */,
				5662E15B1D3E6B7B0032FA82 /* TableViewIndexDemoTests */,
				5662E1661D3E6B7B0032FA82 /* TableViewIndexDemoUITests */,
				5662E1401D3E6B7A0032FA82 /* Products */,
			);
			sourceTree = "<group>";
		};
		5662E1401D3E6B7A0032FA82 /* Products */ = {
			isa = PBXGroup;
			children = (
				5662E13F1D3E6B7A0032FA82 /* TableViewIndexDemo.app */,
				5662E1581D3E6B7B0032FA82 /* TableViewIndexDemoTests.xctest */,
				5662E1631D3E6B7B0032FA82 /* TableViewIndexDemoUITests.xctest */,
			);
			name = Products;
			sourceTree = "<group>";
		};
		5662E1411D3E6B7A0032FA82 /* TableViewIndexDemo */ = {
			isa = PBXGroup;
			children = (
				568C4BF11D3F638A0084A950 /* Masonry */,
				568C4BEA1D3F61CB0084A950 /* View */,
				568C4BE61D3F5D870084A950 /* HotOrConcernCity */,
				568C4BE21D3F0FDA0084A950 /* Model */,
				5662E1451D3E6B7B0032FA82 /* AppDelegate.h */,
				5662E1461D3E6B7B0032FA82 /* AppDelegate.m */,
				5662E1481D3E6B7B0032FA82 /* ViewController.h */,
				5662E1491D3E6B7B0032FA82 /* ViewController.m */,
				5662E14B1D3E6B7B0032FA82 /* Main.storyboard */,
				5662E14E1D3E6B7B0032FA82 /* Assets.xcassets */,
				5662E1501D3E6B7B0032FA82 /* LaunchScreen.storyboard */,
				5662E1531D3E6B7B0032FA82 /* Info.plist */,
				5662E1421D3E6B7A0032FA82 /* Supporting Files */,
			);
			path = TableViewIndexDemo;
			sourceTree = "<group>";
		};
		5662E1421D3E6B7A0032FA82 /* Supporting Files */ = {
			isa = PBXGroup;
			children = (
				5662E1431D3E6B7A0032FA82 /* main.m */,
				5662E1751D3E78B00032FA82 /* team_dictionary.plist */,
				562530561D4072D8002D6FFF /* PrefixHeader.pch */,
			);
			name = "Supporting Files";
			sourceTree = "<group>";
		};
		5662E15B1D3E6B7B0032FA82 /* TableViewIndexDemoTests */ = {
			isa = PBXGroup;
			children = (
				5662E15C1D3E6B7B0032FA82 /* TableViewIndexDemoTests.m */,
				5662E15E1D3E6B7B0032FA82 /* Info.plist */,
			);
			path = TableViewIndexDemoTests;
			sourceTree = "<group>";
		};
		5662E1661D3E6B7B0032FA82 /* TableViewIndexDemoUITests */ = {
			isa = PBXGroup;
			children = (
				5662E1671D3E6B7B0032FA82 /* TableViewIndexDemoUITests.m */,
				5662E1691D3E6B7B0032FA82 /* Info.plist */,
			);
			path = TableViewIndexDemoUITests;
			sourceTree = "<group>";
		};
		568C4BE21D3F0FDA0084A950 /* Model */ = {
			isa = PBXGroup;
			children = (
				568C4BE31D3F0FEC0084A950 /* CityModel.h */,
				568C4BE41D3F0FEC0084A950 /* CityModel.m */,
			);
			path = Model;
			sourceTree = "<group>";
		};
		568C4BE61D3F5D870084A950 /* HotOrConcernCity */ = {
			isa = PBXGroup;
			children = (
			);
			path = HotOrConcernCity;
			sourceTree = "<group>";
		};
		568C4BEA1D3F61CB0084A950 /* View */ = {
			isa = PBXGroup;
			children = (
				568C4BEB1D3F61E40084A950 /* ConcernCell.h */,
				568C4BEC1D3F61E40084A950 /* ConcernCell.m */,
				568C4BEE1D3F61F70084A950 /* HotCell.h */,
				568C4BEF1D3F61F70084A950 /* HotCell.m */,
				56D78E051D3FC72200A2F545 /* CityCollectionCell.h */,
				56D78E061D3FC72200A2F545 /* CityCollectionCell.m */,
			);
			path = View;
			sourceTree = "<group>";
		};
		568C4BF11D3F638A0084A950 /* Masonry */ = {
			isa = PBXGroup;
			children = (
				568C4BF21D3F638A0084A950 /* Info.plist */,
				568C4BF31D3F638A0084A950 /* MASCompositeConstraint.h */,
				568C4BF41D3F638A0084A950 /* MASCompositeConstraint.m */,
				568C4BF51D3F638A0084A950 /* MASConstraint+Private.h */,
				568C4BF61D3F638A0084A950 /* MASConstraint.h */,
				568C4BF71D3F638A0084A950 /* MASConstraint.m */,
				568C4BF81D3F638A0084A950 /* MASConstraintMaker.h */,
				568C4BF91D3F638A0084A950 /* MASConstraintMaker.m */,
				568C4BFA1D3F638A0084A950 /* MASLayoutConstraint.h */,
				568C4BFB1D3F638A0084A950 /* MASLayoutConstraint.m */,
				568C4BFC1D3F638A0084A950 /* Masonry.h */,
				568C4BFD1D3F638A0084A950 /* MASUtilities.h */,
				568C4BFE1D3F638A0084A950 /* MASViewAttribute.h */,
				568C4BFF1D3F638A0084A950 /* MASViewAttribute.m */,
				568C4C001D3F638A0084A950 /* MASViewConstraint.h */,
				568C4C011D3F638A0084A950 /* MASViewConstraint.m */,
				568C4C021D3F638A0084A950 /* NSArray+MASAdditions.h */,
				568C4C031D3F638A0084A950 /* NSArray+MASAdditions.m */,
				568C4C041D3F638A0084A950 /* NSArray+MASShorthandAdditions.h */,
				568C4C051D3F638A0084A950 /* NSLayoutConstraint+MASDebugAdditions.h */,
				568C4C061D3F638A0084A950 /* NSLayoutConstraint+MASDebugAdditions.m */,
				568C4C071D3F638A0084A950 /* View+MASAdditions.h */,
				568C4C081D3F638A0084A950 /* View+MASAdditions.m */,
				568C4C091D3F638A0084A950 /* View+MASShorthandAdditions.h */,
				568C4C0A1D3F638A0084A950 /* ViewController+MASAdditions.h */,
				568C4C0B1D3F638A0084A950 /* ViewController+MASAdditions.m */,
			);
			path = Masonry;
			sourceTree = "<group>";
		};
/* End PBXGroup section */

/* Begin PBXNativeTarget section */
		5662E13E1D3E6B7A0032FA82 /* TableViewIndexDemo */ = {
			isa = PBXNativeTarget;
			buildConfigurationList = 5662E16C1D3E6B7B0032FA82 /* Build configuration list for PBXNativeTarget "TableViewIndexDemo" */;
			buildPhases = (
				5662E13B1D3E6B7A0032FA82 /* Sources */,
				5662E13C1D3E6B7A0032FA82 /* Frameworks */,
				5662E13D1D3E6B7A0032FA82 /* Resources */,
			);
			buildRules = (
			);
			dependencies = (
			);
			name = TableViewIndexDemo;
			productName = TableViewIndexDemo;
			productReference = 5662E13F1D3E6B7A0032FA82 /* TableViewIndexDemo.app */;
			productType = "com.apple.product-type.application";
		};
		5662E1571D3E6B7B0032FA82 /* TableViewIndexDemoTests */ = {
			isa = PBXNativeTarget;
			buildConfigurationList = 5662E16F1D3E6B7B0032FA82 /* Build configuration list for PBXNativeTarget "TableViewIndexDemoTests" */;
			buildPhases = (
				5662E1541D3E6B7B0032FA82 /* Sources */,
				5662E1551D3E6B7B0032FA82 /* Frameworks */,
				5662E1561D3E6B7B0032FA82 /* Resources */,
			);
			buildRules = (
			);
			dependencies = (
				5662E15A1D3E6B7B0032FA82 /* PBXTargetDependency */,
			);
			name = TableViewIndexDemoTests;
			productName = TableViewIndexDemoTests;
			productReference = 5662E1581D3E6B7B0032FA82 /* TableViewIndexDemoTests.xctest */;
			productType = "com.apple.product-type.bundle.unit-test";
		};
		5662E1621D3E6B7B0032FA82 /* TableViewIndexDemoUITests */ = {
			isa = PBXNativeTarget;
			buildConfigurationList = 5662E1721D3E6B7B0032FA82 /* Build configuration list for PBXNativeTarget "TableViewIndexDemoUITests" */;
			buildPhases = (
				5662E15F1D3E6B7B0032FA82 /* Sources */,
				5662E1601D3E6B7B0032FA82 /* Frameworks */,
				5662E1611D3E6B7B0032FA82 /* Resources */,
			);
			buildRules = (
			);
			dependencies = (
				5662E1651D3E6B7B0032FA82 /* PBXTargetDependency */,
			);
			name = TableViewIndexDemoUITests;
			productName = TableViewIndexDemoUITests;
			productReference = 5662E1631D3E6B7B0032FA82 /* TableViewIndexDemoUITests.xctest */;
			productType = "com.apple.product-type.bundle.ui-testing";
		};
/* End PBXNativeTarget section */

/* Begin PBXProject section */
		5662E1371D3E6B7A0032FA82 /* Project object */ = {
			isa = PBXProject;
			attributes = {
				LastUpgradeCheck = 0730;
				ORGANIZATIONNAME = zhanggui;
				TargetAttributes = {
					5662E13E1D3E6B7A0032FA82 = {
						CreatedOnToolsVersion = 7.3.1;
					};
					5662E1571D3E6B7B0032FA82 = {
						CreatedOnToolsVersion = 7.3.1;
						TestTargetID = 5662E13E1D3E6B7A0032FA82;
					};
					5662E1621D3E6B7B0032FA82 = {
						CreatedOnToolsVersion = 7.3.1;
						TestTargetID = 5662E13E1D3E6B7A0032FA82;
					};
				};
			};
			buildConfigurationList = 5662E13A1D3E6B7A0032FA82 /* Build configuration list for PBXProject "TableViewIndexDemo" */;
			compatibilityVersion = "Xcode 3.2";
			developmentRegion = English;
			hasScannedForEncodings = 0;
			knownRegions = (
				en,
				Base,
			);
			mainGroup = 5662E1361D3E6B7A0032FA82;
			productRefGroup = 5662E1401D3E6B7A0032FA82 /* Products */;
			projectDirPath = "";
			projectRoot = "";
			targets = (
				5662E13E1D3E6B7A0032FA82 /* TableViewIndexDemo */,
				5662E1571D3E6B7B0032FA82 /* TableViewIndexDemoTests */,
				5662E1621D3E6B7B0032FA82 /* TableViewIndexDemoUITests */,
			);
		};
/* End PBXProject section */

/* Begin PBXResourcesBuildPhase section */
		5662E13D1D3E6B7A0032FA82 /* Resources */ = {
			isa = PBXResourcesBuildPhase;
			buildActionMask = 2147483647;
			files = (
				5662E1521D3E6B7B0032FA82 /* LaunchScreen.storyboard in Resources */,
				5662E14F1D3E6B7B0032FA82 /* Assets.xcassets in Resources */,
				5662E14D1D3E6B7B0032FA82 /* Main.storyboard in Resources */,
				568C4C0C1D3F638A0084A950 /* Info.plist in Resources */,
				5662E1761D3E78B00032FA82 /* team_dictionary.plist in Resources */,
			);
			runOnlyForDeploymentPostprocessing = 0;
		};
		5662E1561D3E6B7B0032FA82 /* Resources */ = {
			isa = PBXResourcesBuildPhase;
			buildActionMask = 2147483647;
			files = (
			);
			runOnlyForDeploymentPostprocessing = 0;
		};
		5662E1611D3E6B7B0032FA82 /* Resources */ = {
			isa = PBXResourcesBuildPhase;
			buildActionMask = 2147483647;
			files = (
			);
			runOnlyForDeploymentPostprocessing = 0;
		};
/* End PBXResourcesBuildPhase section */

/* Begin PBXSourcesBuildPhase section */
		5662E13B1D3E6B7A0032FA82 /* Sources */ = {
			isa = PBXSourcesBuildPhase;
			buildActionMask = 2147483647;
			files = (
				568C4C131D3F638A0084A950 /* NSArray+MASAdditions.m in Sources */,
				568C4C121D3F638A0084A950 /* MASViewConstraint.m in Sources */,
				568C4BF01D3F61F70084A950 /* HotCell.m in Sources */,
				568C4C0F1D3F638A0084A950 /* MASConstraintMaker.m in Sources */,
				56D78E071D3FC72200A2F545 /* CityCollectionCell.m in Sources */,
				568C4C151D3F638A0084A950 /* View+MASAdditions.m in Sources */,
				5662E14A1D3E6B7B0032FA82 /* ViewController.m in Sources */,
				568C4C0E1D3F638A0084A950 /* MASConstraint.m in Sources */,
				5662E1471D3E6B7B0032FA82 /* AppDelegate.m in Sources */,
				568C4C111D3F638A0084A950 /* MASViewAttribute.m in Sources */,
				568C4C141D3F638A0084A950 /* NSLayoutConstraint+MASDebugAdditions.m in Sources */,
				568C4C0D1D3F638A0084A950 /* MASCompositeConstraint.m in Sources */,
				568C4C101D3F638A0084A950 /* MASLayoutConstraint.m in Sources */,
				568C4BE51D3F0FEC0084A950 /* CityModel.m in Sources */,
				568C4BED1D3F61E40084A950 /* ConcernCell.m in Sources */,
				568C4C161D3F638A0084A950 /* ViewController+MASAdditions.m in Sources */,
				5662E1441D3E6B7B0032FA82 /* main.m in Sources */,
			);
			runOnlyForDeploymentPostprocessing = 0;
		};
		5662E1541D3E6B7B0032FA82 /* Sources */ = {
			isa = PBXSourcesBuildPhase;
			buildActionMask = 2147483647;
			files = (
				5662E15D1D3E6B7B0032FA82 /* TableViewIndexDemoTests.m in Sources */,
			);
			runOnlyForDeploymentPostprocessing = 0;
		};
		5662E15F1D3E6B7B0032FA82 /* Sources */ = {
			isa = PBXSourcesBuildPhase;
			buildActionMask = 2147483647;
			files = (
				5662E1681D3E6B7B0032FA82 /* TableViewIndexDemoUITests.m in Sources */,
			);
			runOnlyForDeploymentPostprocessing = 0;
		};
/* End PBXSourcesBuildPhase section */

/* Begin PBXTargetDependency section */
		5662E15A1D3E6B7B0032FA82 /* PBXTargetDependency */ = {
			isa = PBXTargetDependency;
			target = 5662E13E1D3E6B7A0032FA82 /* TableViewIndexDemo */;
			targetProxy = 5662E1591D3E6B7B0032FA82 /* PBXContainerItemProxy */;
		};
		5662E1651D3E6B7B0032FA82 /* PBXTargetDependency */ = {
			isa = PBXTargetDependency;
			target = 5662E13E1D3E6B7A0032FA82 /* TableViewIndexDemo */;
			targetProxy = 5662E1641D3E6B7B0032FA82 /* PBXContainerItemProxy */;
		};
/* End PBXTargetDependency section */

/* Begin PBXVariantGroup section */
		5662E14B1D3E6B7B0032FA82 /* Main.storyboard */ = {
			isa = PBXVariantGroup;
			children = (
				5662E14C1D3E6B7B0032FA82 /* Base */,
			);
			name = Main.storyboard;
			sourceTree = "<group>";
		};
		5662E1501D3E6B7B0032FA82 /* LaunchScreen.storyboard */ = {
			isa = PBXVariantGroup;
			children = (
				5662E1511D3E6B7B0032FA82 /* Base */,
			);
			name = LaunchScreen.storyboard;
			sourceTree = "<group>";
		};
/* End PBXVariantGroup section */

/* Begin XCBuildConfiguration section */
		5662E16A1D3E6B7B0032FA82 /* Debug */ = {
			isa = XCBuildConfiguration;
			buildSettings = {
				ALWAYS_SEARCH_USER_PATHS = NO;
				CLANG_ANALYZER_NONNULL = YES;
				CLANG_CXX_LANGUAGE_STANDARD = "gnu++0x";
				CLANG_CXX_LIBRARY = "libc++";
				CLANG_ENABLE_MODULES = YES;
				CLANG_ENABLE_OBJC_ARC = YES;
				CLANG_WARN_BOOL_CONVERSION = YES;
				CLANG_WARN_CONSTANT_CONVERSION = YES;
				CLANG_WARN_DIRECT_OBJC_ISA_USAGE = YES_ERROR;
				CLANG_WARN_EMPTY_BODY = YES;
				CLANG_WARN_ENUM_CONVERSION = YES;
				CLANG_WARN_INT_CONVERSION = YES;
				CLANG_WARN_OBJC_ROOT_CLASS = YES_ERROR;
				CLANG_WARN_UNREACHABLE_CODE = YES;
				CLANG_WARN__DUPLICATE_METHOD_MATCH = YES;
				"CODE_SIGN_IDENTITY[sdk=iphoneos*]" = "iPhone Developer";
				COPY_PHASE_STRIP = NO;
				DEBUG_INFORMATION_FORMAT = dwarf;
				ENABLE_STRICT_OBJC_MSGSEND = YES;
				ENABLE_TESTABILITY = YES;
				GCC_C_LANGUAGE_STANDARD = gnu99;
				GCC_DYNAMIC_NO_PIC = NO;
				GCC_NO_COMMON_BLOCKS = YES;
				GCC_OPTIMIZATION_LEVEL = 0;
				GCC_PREFIX_HEADER = TableViewIndexDemo/PrefixHeader.pch;
				GCC_PREPROCESSOR_DEFINITIONS = (
					"DEBUG=1",
					"$(inherited)",
				);
				GCC_WARN_64_TO_32_BIT_CONVERSION = YES;
				GCC_WARN_ABOUT_RETURN_TYPE = YES_ERROR;
				GCC_WARN_UNDECLARED_SELECTOR = YES;
				GCC_WARN_UNINITIALIZED_AUTOS = YES_AGGRESSIVE;
				GCC_WARN_UNUSED_FUNCTION = YES;
				GCC_WARN_UNUSED_VARIABLE = YES;
				IPHONEOS_DEPLOYMENT_TARGET = 9.3;
				MTL_ENABLE_DEBUG_INFO = YES;
				ONLY_ACTIVE_ARCH = YES;
				SDKROOT = iphoneos;
				TARGETED_DEVICE_FAMILY = "1,2";
			};
			name = Debug;
		};
		5662E16B1D3E6B7B0032FA82 /* Release */ = {
			isa = XCBuildConfiguration;
			buildSettings = {
				ALWAYS_SEARCH_USER_PATHS = NO;
				CLANG_ANALYZER_NONNULL = YES;
				CLANG_CXX_LANGUAGE_STANDARD = "gnu++0x";
				CLANG_CXX_LIBRARY = "libc++";
				CLANG_ENABLE_MODULES = YES;
				CLANG_ENABLE_OBJC_ARC = YES;
				CLANG_WARN_BOOL_CONVERSION = YES;
				CLANG_WARN_CONSTANT_CONVERSION = YES;
				CLANG_WARN_DIRECT_OBJC_ISA_USAGE = YES_ERROR;
				CLANG_WARN_EMPTY_BODY = YES;
				CLANG_WARN_ENUM_CONVERSION = YES;
				CLANG_WARN_INT_CONVERSION = YES;
				CLANG_WARN_OBJC_ROOT_CLASS = YES_ERROR;
				CLANG_WARN_UNREACHABLE_CODE = YES;
				CLANG_WARN__DUPLICATE_METHOD_MATCH = YES;
				"CODE_SIGN_IDENTITY[sdk=iphoneos*]" = "iPhone Developer";
				COPY_PHASE_STRIP = NO;
				DEBUG_INFORMATION_FORMAT = "dwarf-with-dsym";
				ENABLE_NS_ASSERTIONS = NO;
				ENABLE_STRICT_OBJC_MSGSEND = YES;
				GCC_C_LANGUAGE_STANDARD = gnu99;
				GCC_NO_COMMON_BLOCKS = YES;
				GCC_PREFIX_HEADER = TableViewIndexDemo/PrefixHeader.pch;
				GCC_WARN_64_TO_32_BIT_CONVERSION = YES;
				GCC_WARN_ABOUT_RETURN_TYPE = YES_ERROR;
				GCC_WARN_UNDECLARED_SELECTOR = YES;
				GCC_WARN_UNINITIALIZED_AUTOS = YES_AGGRESSIVE;
				GCC_WARN_UNUSED_FUNCTION = YES;
				GCC_WARN_UNUSED_VARIABLE = YES;
				IPHONEOS_DEPLOYMENT_TARGET = 9.3;
				MTL_ENABLE_DEBUG_INFO = NO;
				SDKROOT = iphoneos;
				TARGETED_DEVICE_FAMILY = "1,2";
				VALIDATE_PRODUCT = YES;
			};
			name = Release;
		};
		5662E16D1D3E6B7B0032FA82 /* Debug */ = {
			isa = XCBuildConfiguration;
			buildSettings = {
				ASSETCATALOG_COMPILER_APPICON_NAME = AppIcon;
				INFOPLIST_FILE = TableViewIndexDemo/Info.plist;
				LD_RUNPATH_SEARCH_PATHS = "$(inherited) @executable_path/Frameworks";
				New_Setting = "";
				PRODUCT_BUNDLE_IDENTIFIER = com.zhanggui.TableViewIndexDemo;
				PRODUCT_NAME = "$(TARGET_NAME)";
			};
			name = Debug;
		};
		5662E16E1D3E6B7B0032FA82 /* Release */ = {
			isa = XCBuildConfiguration;
			buildSettings = {
				ASSETCATALOG_COMPILER_APPICON_NAME = AppIcon;
				INFOPLIST_FILE = TableViewIndexDemo/Info.plist;
				LD_RUNPATH_SEARCH_PATHS = "$(inherited) @executable_path/Frameworks";
				New_Setting = "";
				PRODUCT_BUNDLE_IDENTIFIER = com.zhanggui.TableViewIndexDemo;
				PRODUCT_NAME = "$(TARGET_NAME)";
			};
			name = Release;
		};
		5662E1701D3E6B7B0032FA82 /* Debug */ = {
			isa = XCBuildConfiguration;
			buildSettings = {
				BUNDLE_LOADER = "$(TEST_HOST)";
				INFOPLIST_FILE = TableViewIndexDemoTests/Info.plist;
				LD_RUNPATH_SEARCH_PATHS = "$(inherited) @executable_path/Frameworks @loader_path/Frameworks";
				PRODUCT_BUNDLE_IDENTIFIER = com.zhanggui.TableViewIndexDemoTests;
				PRODUCT_NAME = "$(TARGET_NAME)";
				TEST_HOST = "$(BUILT_PRODUCTS_DIR)/TableViewIndexDemo.app/TableViewIndexDemo";
			};
			name = Debug;
		};
		5662E1711D3E6B7B0032FA82 /* Release */ = {
			isa = XCBuildConfiguration;
			buildSettings = {
				BUNDLE_LOADER = "$(TEST_HOST)";
				INFOPLIST_FILE = TableViewIndexDemoTests/Info.plist;
				LD_RUNPATH_SEARCH_PATHS = "$(inherited) @executable_path/Frameworks @loader_path/Frameworks";
				PRODUCT_BUNDLE_IDENTIFIER = com.zhanggui.TableViewIndexDemoTests;
				PRODUCT_NAME = "$(TARGET_NAME)";
				TEST_HOST = "$(BUILT_PRODUCTS_DIR)/TableViewIndexDemo.app/TableViewIndexDemo";
			};
			name = Release;
		};
		5662E1731D3E6B7B0032FA82 /* Debug */ = {
			isa = XCBuildConfiguration;
			buildSettings = {
				INFOPLIST_FILE = TableViewIndexDemoUITests/Info.plist;
				LD_RUNPATH_SEARCH_PATHS = "$(inherited) @executable_path/Frameworks @loader_path/Frameworks";
				PRODUCT_BUNDLE_IDENTIFIER = com.zhanggui.TableViewIndexDemoUITests;
				PRODUCT_NAME = "$(TARGET_NAME)";
				TEST_TARGET_NAME = TableViewIndexDemo;
			};
			name = Debug;
		};
		5662E1741D3E6B7B0032FA82 /* Release */ = {
			isa = XCBuildConfiguration;
			buildSettings = {
				INFOPLIST_FILE = TableViewIndexDemoUITests/Info.plist;
				LD_RUNPATH_SEARCH_PATHS = "$(inherited) @executable_path/Frameworks @loader_path/Frameworks";
				PRODUCT_BUNDLE_IDENTIFIER = com.zhanggui.TableViewIndexDemoUITests;
				PRODUCT_NAME = "$(TARGET_NAME)";
				TEST_TARGET_NAME = TableViewIndexDemo;
			};
			name = Release;
		};
/* End XCBuildConfiguration section */

/* Begin XCConfigurationList section */
		5662E13A1D3E6B7A0032FA82 /* Build configuration list for PBXProject "TableViewIndexDemo" */ = {
			isa = XCConfigurationList;
			buildConfigurations = (
				5662E16A1D3E6B7B0032FA82 /* Debug */,
				5662E16B1D3E6B7B0032FA82 /* Release */,
			);
			defaultConfigurationIsVisible = 0;
			defaultConfigurationName = Release;
		};
		5662E16C1D3E6B7B0032FA82 /* Build configuration list for PBXNativeTarget "TableViewIndexDemo" */ = {
			isa = XCConfigurationList;
			buildConfigurations = (
				5662E16D1D3E6B7B0032FA82 /* Debug */,
				5662E16E1D3E6B7B0032FA82 /* Release */,
			);
			defaultConfigurationIsVisible = 0;
			defaultConfigurationName = Release;
		};
		5662E16F1D3E6B7B0032FA82 /* Build configuration list for PBXNativeTarget "TableViewIndexDemoTests" */ = {
			isa = XCConfigurationList;
			buildConfigurations = (
				5662E1701D3E6B7B0032FA82 /* Debug */,
				5662E1711D3E6B7B0032FA82 /* Release */,
			);
			defaultConfigurationIsVisible = 0;
			defaultConfigurationName = Release;
		};
		5662E1721D3E6B7B0032FA82 /* Build configuration list for PBXNativeTarget "TableViewIndexDemoUITests" */ = {
			isa = XCConfigurationList;
			buildConfigurations = (
				5662E1731D3E6B7B0032FA82 /* Debug */,
				5662E1741D3E6B7B0032FA82 /* Release */,
			);
			defaultConfigurationIsVisible = 0;
			defaultConfigurationName = Release;
		};
/* End XCConfigurationList section */
	};
	rootObject = 5662E1371D3E6B7A0032FA82 /* Project object */;
}
